# This file is autogenerated, do not edit; changes may be undone by the next 'dep ensure'.


[[projects]]
  digest = "1:c8ad4ba32ae8b71ef2bf5e1bad402aeb99ce77a1240f9b684db8b1ff5353e7ab"
  name = "github.com/gobuffalo/packr"
  packages = ["."]
  pruneopts = "UT"
  revision = "5a2cbb54c4e7d482e3f518c56f1f86f133d5204f"
  version = "v1.13.7"

[[projects]]
  digest = "1:40e195917a951a8bf867cd05de2a46aaf1806c50cf92eebf4c16f78cd196f747"
  name = "github.com/pkg/errors"
  packages = ["."]
  pruneopts = "UT"
  revision = "645ef00459ed84a119197bfb8d8205042c6df63d"
  version = "v0.8.0"

[solve-meta]
  analyzer-name = "dep"
  analyzer-version = 1
  input-imports = ["github.com/gobuffalo/packr"]
  solver-name = "gps-cdcl"
  solver-version = 1
